
Microsoft Visual Studio Solution File, Format Version 12.00
# Visual Studio Version 16
VisualStudioVersion = 16.0.31129.286
MinimumVisualStudioVersion = 10.0.40219.1
Project("{8BC9CEB8-8B4A-11D0-8D11-00A0C91BC942}") = "HJ102_CharStatistic", "HJ102_CharStatistic\HJ102_CharStatistic.vcxproj", "{A4E61D85-8CDF-42BE-B87D-853F4224887D}"
EndProject
Global
	GlobalSection(SolutionConfigurationPlatforms) = preSolution
		Debug|x64 = Debug|x64
		Debug|x86 = Debug|x86
		Release|x64 = Release|x64
		Release|x86 = Release|x86
	EndGlobalSection
	GlobalSection(ProjectConfigurationPlatforms) = postSolution
		{A4E61D85-8CDF-42BE-B87D-853F4224887D}.Debug|x64.ActiveCfg = Debug|x64
		{A4E61D85-8CDF-42BE-B87D-853F4224887D}.Debug|x64.Build.0 = Debug|x64
		{A4E61D85-8CDF-42BE-B87D-853F4224887D}.Debug|x86.ActiveCfg = Debug|Win32
		{A4E61D85-8CDF-42BE-B87D-853F4224887D}.Debug|x86.Build.0 = Debug|Win32
		{A4E61D85-8CDF-42BE-B87D-853F4224887D}.Release|x64.ActiveCfg = Release|x64
		{A4E61D85-8CDF-42BE-B87D-853F4224887D}.Release|x64.Build.0 = Release|x64
		{A4E61D85-8CDF-42BE-B87D-853F4224887D}.Release|x86.ActiveCfg = Release|Win32
		{A4E61D85-8CDF-42BE-B87D-853F4224887D}.Release|x86.Build.0 = Release|Win32
	EndGlobalSection
	GlobalSection(SolutionProperties) = preSolution
		HideSolutionNode = FALSE
	EndGlobalSection
	GlobalSection(ExtensibilityGlobals) = postSolution
		SolutionGuid = {4365E462-9468-48E9-805E-92990A9FDD5B}
	EndGlobalSection
EndGlobal
