
Microsoft Visual Studio Solution File, Format Version 12.00
# Visual Studio Version 16
VisualStudioVersion = 16.0.31129.286
MinimumVisualStudioVersion = 10.0.40219.1
Project("{8BC9CEB8-8B4A-11D0-8D11-00A0C91BC942}") = "HJ30", "HJ30\HJ30.vcxproj", "{0395F570-BC4D-430A-B05F-E5BCB29E6194}"
EndProject
Global
	GlobalSection(SolutionConfigurationPlatforms) = preSolution
		Debug|x64 = Debug|x64
		Debug|x86 = Debug|x86
		Release|x64 = Release|x64
		Release|x86 = Release|x86
	EndGlobalSection
	GlobalSection(ProjectConfigurationPlatforms) = postSolution
		{0395F570-BC4D-430A-B05F-E5BCB29E6194}.Debug|x64.ActiveCfg = Debug|x64
		{0395F570-BC4D-430A-B05F-E5BCB29E6194}.Debug|x64.Build.0 = Debug|x64
		{0395F570-BC4D-430A-B05F-E5BCB29E6194}.Debug|x86.ActiveCfg = Debug|Win32
		{0395F570-BC4D-430A-B05F-E5BCB29E6194}.Debug|x86.Build.0 = Debug|Win32
		{0395F570-BC4D-430A-B05F-E5BCB29E6194}.Release|x64.ActiveCfg = Release|x64
		{0395F570-BC4D-430A-B05F-E5BCB29E6194}.Release|x64.Build.0 = Release|x64
		{0395F570-BC4D-430A-B05F-E5BCB29E6194}.Release|x86.ActiveCfg = Release|Win32
		{0395F570-BC4D-430A-B05F-E5BCB29E6194}.Release|x86.Build.0 = Release|Win32
	EndGlobalSection
	GlobalSection(SolutionProperties) = preSolution
		HideSolutionNode = FALSE
	EndGlobalSection
	GlobalSection(ExtensibilityGlobals) = postSolution
		SolutionGuid = {E4139FD7-4BAA-403A-A88D-48E1D5CF2A49}
	EndGlobalSection
EndGlobal
